
Microsoft Visual Studio Solution File, Format Version 12.00
# Visual Studio Version 17
VisualStudioVersion = 17.3.32825.248
MinimumVisualStudioVersion = 10.0.40219.1
Project("{9A19103F-16F7-4668-BE54-9A1E7A4F7556}") = "HW1_T1", "HW1_T1\HW1_T1.csproj", "{8E59AA22-A7C7-4924-98A6-2046FCBD3F1F}"
EndProject
Project("{9A19103F-16F7-4668-BE54-9A1E7A4F7556}") = "HW1_T2", "HW1_T2\HW1_T2.csproj", "{F0DF774E-3058-4045-8F72-AB686E723BEF}"
EndProject
Project("{9A19103F-16F7-4668-BE54-9A1E7A4F7556}") = "HW1_T3", "HW1_T3\HW1_T3.csproj", "{76A8B349-4A1D-48FD-BD0D-F02851C48661}"
EndProject
Project("{9A19103F-16F7-4668-BE54-9A1E7A4F7556}") = "HW1_T4", "HW1_T4\HW1_T4.csproj", "{E7989D29-AC84-4133-AFC2-AFA25A10F5EA}"
EndProject
Project("{9A19103F-16F7-4668-BE54-9A1E7A4F7556}") = "HW1_T5", "HW1_T5\HW1_T5.csproj", "{29877CF6-1A3E-40BE-A81A-22B3F8DFCBD1}"
EndProject
Project("{9A19103F-16F7-4668-BE54-9A1E7A4F7556}") = "HW1_T6", "HW1_T6\HW1_T6.csproj", "{7A3EF067-769F-4BBE-AADE-8146D5228D4E}"
EndProject
Project("{9A19103F-16F7-4668-BE54-9A1E7A4F7556}") = "HW1_T7", "HW1_T7\HW1_T7.csproj", "{91D948EB-A00D-4340-B50F-F1FD308412D7}"
EndProject
Project("{9A19103F-16F7-4668-BE54-9A1E7A4F7556}") = "HW2_T1", "HW2_T1\HW2_T1.csproj", "{20EB2CCD-85D5-4016-B75F-67561E0F2E13}"
EndProject
Project("{9A19103F-16F7-4668-BE54-9A1E7A4F7556}") = "HW2_T2", "HW2_T2\HW2_T2.csproj", "{74242232-0AF1-4C02-B316-004D26381162}"
EndProject
Project("{9A19103F-16F7-4668-BE54-9A1E7A4F7556}") = "HW2_T3", "HW2_T3\HW2_T3.csproj", "{B0736809-6E8E-4598-B061-F6B51CA5DC08}"
EndProject
Project("{9A19103F-16F7-4668-BE54-9A1E7A4F7556}") = "HW2_T4", "HW2_T4\HW2_T4.csproj", "{7CDC239E-BEAD-4ED7-ADA0-7E0183939707}"
EndProject
Project("{9A19103F-16F7-4668-BE54-9A1E7A4F7556}") = "HW2_T7", "HW2_T7\HW2_T7.csproj", "{81DB1A03-4BCD-4B41-8D76-1DE14BC9A330}"
EndProject
Project("{9A19103F-16F7-4668-BE54-9A1E7A4F7556}") = "HW2_T5", "HW2_T5\HW2_T5.csproj", "{2F2B490B-6A37-4216-A61B-9E0F43B359C0}"
EndProject
Project("{9A19103F-16F7-4668-BE54-9A1E7A4F7556}") = "HW2_T6", "HW2_T6\HW2_T6.csproj", "{0185A10C-DABD-426B-957C-B02AB1988E4D}"
EndProject
Project("{9A19103F-16F7-4668-BE54-9A1E7A4F7556}") = "HW3_T1", "HW3_T1\HW3_T1.csproj", "{38CE326F-3D45-4AAE-935E-DBB9F36DCF3A}"
EndProject
Project("{9A19103F-16F7-4668-BE54-9A1E7A4F7556}") = "HW3_T2", "HW3_T2\HW3_T2.csproj", "{E24392AB-6572-4E3C-95A3-85A69D274416}"
EndProject
Project("{9A19103F-16F7-4668-BE54-9A1E7A4F7556}") = "HW3_T3", "HW3_T3\HW3_T3.csproj", "{01ECE236-DBF5-4C13-B588-652E1FAF63F5}"
EndProject
Project("{9A19103F-16F7-4668-BE54-9A1E7A4F7556}") = "HW3_T4", "HW3_T4\HW3_T4.csproj", "{F16DE5B2-910C-4131-B983-0E0DFE873A65}"
EndProject
Project("{9A19103F-16F7-4668-BE54-9A1E7A4F7556}") = "HW3_T5", "HW3_T5\HW3_T5.csproj", "{38D7CB3B-6B44-4CE8-ABFC-060B1F23598B}"
EndProject
Project("{9A19103F-16F7-4668-BE54-9A1E7A4F7556}") = "HW3_T6", "HW3_T6\HW3_T6.csproj", "{EC9E1F64-7598-426C-BDD6-7CB77B589730}"
EndProject
Project("{9A19103F-16F7-4668-BE54-9A1E7A4F7556}") = "HW4_T1", "HW4_T1\HW4_T1.csproj", "{53F2F79E-4AEC-43BD-AD69-109B3A4CA13A}"
EndProject
Project("{9A19103F-16F7-4668-BE54-9A1E7A4F7556}") = "HW4_T3_T4", "HW4_T3_T4\HW4_T3_T4.csproj", "{DF93A10A-7EFB-4E84-8B3E-35791FC4FF13}"
EndProject
Project("{FAE04EC0-301F-11D3-BF4B-00C04F79EFBC}") = "HW5_T1", "HW5_T1\HW5_T1.csproj", "{BEECF7CE-75E4-4951-B032-55108B467BEF}"
EndProject
Project("{FAE04EC0-301F-11D3-BF4B-00C04F79EFBC}") = "HW5_T2", "HW5_T2\HW5_T2.csproj", "{AFD45A41-2F92-41CD-A01F-AB6CFA891150}"
EndProject
Project("{FAE04EC0-301F-11D3-BF4B-00C04F79EFBC}") = "HW5_T3", "HW5_T3\HW5_T3.csproj", "{7D624CB1-2552-4A7C-8C85-EF40970323D4}"
EndProject
Project("{FAE04EC0-301F-11D3-BF4B-00C04F79EFBC}") = "HW6_T1", "HW6_T1\HW6_T1.csproj", "{C2EB416F-73F6-476C-87FE-0711ADF8C556}"
EndProject
Project("{FAE04EC0-301F-11D3-BF4B-00C04F79EFBC}") = "HW6_T2", "HW6_T2\HW6_T2.csproj", "{7A9BD658-3030-4CF8-8BBE-8BED63A2D2C5}"
EndProject
Project("{FAE04EC0-301F-11D3-BF4B-00C04F79EFBC}") = "HW6_T3", "HW6_T3\HW6_T3.csproj", "{D948A8FE-5D48-47C1-823F-4826E2161CFF}"
EndProject
Project("{FAE04EC0-301F-11D3-BF4B-00C04F79EFBC}") = "HW6_T4", "HW6_T4\HW6_T4.csproj", "{E68FEE84-09C2-4716-8B91-1C90DD798CDB}"
EndProject
Project("{FAE04EC0-301F-11D3-BF4B-00C04F79EFBC}") = "HW7_T1", "HW7_T1\HW7_T1.csproj", "{7B065367-407F-48F1-8A64-2C0C335D8581}"
EndProject
Project("{FAE04EC0-301F-11D3-BF4B-00C04F79EFBC}") = "HW7_T2", "HW7_T2\HW7_T2.csproj", "{BA147732-AE2F-40EB-9C27-A2313AD7935B}"
EndProject
Project("{FAE04EC0-301F-11D3-BF4B-00C04F79EFBC}") = "HW7_T3", "HW7_T3\HW7_T3.csproj", "{200C1E2A-C420-43AD-A277-2CF723725B03}"
EndProject
Project("{FAE04EC0-301F-11D3-BF4B-00C04F79EFBC}") = "HW7_T4", "HW7_T4\HW7_T4.csproj", "{FF877ADD-A7FE-4F07-A69C-E26D75E333BB}"
EndProject
Global
	GlobalSection(SolutionConfigurationPlatforms) = preSolution
		Debug|Any CPU = Debug|Any CPU
		Release|Any CPU = Release|Any CPU
	EndGlobalSection
	GlobalSection(ProjectConfigurationPlatforms) = postSolution
		{8E59AA22-A7C7-4924-98A6-2046FCBD3F1F}.Debug|Any CPU.ActiveCfg = Debug|Any CPU
		{8E59AA22-A7C7-4924-98A6-2046FCBD3F1F}.Debug|Any CPU.Build.0 = Debug|Any CPU
		{8E59AA22-A7C7-4924-98A6-2046FCBD3F1F}.Release|Any CPU.ActiveCfg = Release|Any CPU
		{8E59AA22-A7C7-4924-98A6-2046FCBD3F1F}.Release|Any CPU.Build.0 = Release|Any CPU
		{F0DF774E-3058-4045-8F72-AB686E723BEF}.Debug|Any CPU.ActiveCfg = Debug|Any CPU
		{F0DF774E-3058-4045-8F72-AB686E723BEF}.Debug|Any CPU.Build.0 = Debug|Any CPU
		{F0DF774E-3058-4045-8F72-AB686E723BEF}.Release|Any CPU.ActiveCfg = Release|Any CPU
		{F0DF774E-3058-4045-8F72-AB686E723BEF}.Release|Any CPU.Build.0 = Release|Any CPU
		{76A8B349-4A1D-48FD-BD0D-F02851C48661}.Debug|Any CPU.ActiveCfg = Debug|Any CPU
		{76A8B349-4A1D-48FD-BD0D-F02851C48661}.Debug|Any CPU.Build.0 = Debug|Any CPU
		{76A8B349-4A1D-48FD-BD0D-F02851C48661}.Release|Any CPU.ActiveCfg = Release|Any CPU
		{76A8B349-4A1D-48FD-BD0D-F02851C48661}.Release|Any CPU.Build.0 = Release|Any CPU
		{E7989D29-AC84-4133-AFC2-AFA25A10F5EA}.Debug|Any CPU.ActiveCfg = Debug|Any CPU
		{E7989D29-AC84-4133-AFC2-AFA25A10F5EA}.Debug|Any CPU.Build.0 = Debug|Any CPU
		{E7989D29-AC84-4133-AFC2-AFA25A10F5EA}.Release|Any CPU.ActiveCfg = Release|Any CPU
		{E7989D29-AC84-4133-AFC2-AFA25A10F5EA}.Release|Any CPU.Build.0 = Release|Any CPU
		{29877CF6-1A3E-40BE-A81A-22B3F8DFCBD1}.Debug|Any CPU.ActiveCfg = Debug|Any CPU
		{29877CF6-1A3E-40BE-A81A-22B3F8DFCBD1}.Debug|Any CPU.Build.0 = Debug|Any CPU
		{29877CF6-1A3E-40BE-A81A-22B3F8DFCBD1}.Release|Any CPU.ActiveCfg = Release|Any CPU
		{29877CF6-1A3E-40BE-A81A-22B3F8DFCBD1}.Release|Any CPU.Build.0 = Release|Any CPU
		{7A3EF067-769F-4BBE-AADE-8146D5228D4E}.Debug|Any CPU.ActiveCfg = Debug|Any CPU
		{7A3EF067-769F-4BBE-AADE-8146D5228D4E}.Debug|Any CPU.Build.0 = Debug|Any CPU
		{7A3EF067-769F-4BBE-AADE-8146D5228D4E}.Release|Any CPU.ActiveCfg = Release|Any CPU
		{7A3EF067-769F-4BBE-AADE-8146D5228D4E}.Release|Any CPU.Build.0 = Release|Any CPU
		{91D948EB-A00D-4340-B50F-F1FD308412D7}.Debug|Any CPU.ActiveCfg = Debug|Any CPU
		{91D948EB-A00D-4340-B50F-F1FD308412D7}.Debug|Any CPU.Build.0 = Debug|Any CPU
		{91D948EB-A00D-4340-B50F-F1FD308412D7}.Release|Any CPU.ActiveCfg = Release|Any CPU
		{91D948EB-A00D-4340-B50F-F1FD308412D7}.Release|Any CPU.Build.0 = Release|Any CPU
		{20EB2CCD-85D5-4016-B75F-67561E0F2E13}.Debug|Any CPU.ActiveCfg = Debug|Any CPU
		{20EB2CCD-85D5-4016-B75F-67561E0F2E13}.Debug|Any CPU.Build.0 = Debug|Any CPU
		{20EB2CCD-85D5-4016-B75F-67561E0F2E13}.Release|Any CPU.ActiveCfg = Release|Any CPU
		{20EB2CCD-85D5-4016-B75F-67561E0F2E13}.Release|Any CPU.Build.0 = Release|Any CPU
		{74242232-0AF1-4C02-B316-004D26381162}.Debug|Any CPU.ActiveCfg = Debug|Any CPU
		{74242232-0AF1-4C02-B316-004D26381162}.Debug|Any CPU.Build.0 = Debug|Any CPU
		{74242232-0AF1-4C02-B316-004D26381162}.Release|Any CPU.ActiveCfg = Release|Any CPU
		{74242232-0AF1-4C02-B316-004D26381162}.Release|Any CPU.Build.0 = Release|Any CPU
		{B0736809-6E8E-4598-B061-F6B51CA5DC08}.Debug|Any CPU.ActiveCfg = Debug|Any CPU
		{B0736809-6E8E-4598-B061-F6B51CA5DC08}.Debug|Any CPU.Build.0 = Debug|Any CPU
		{B0736809-6E8E-4598-B061-F6B51CA5DC08}.Release|Any CPU.ActiveCfg = Release|Any CPU
		{B0736809-6E8E-4598-B061-F6B51CA5DC08}.Release|Any CPU.Build.0 = Release|Any CPU
		{7CDC239E-BEAD-4ED7-ADA0-7E0183939707}.Debug|Any CPU.ActiveCfg = Debug|Any CPU
		{7CDC239E-BEAD-4ED7-ADA0-7E0183939707}.Debug|Any CPU.Build.0 = Debug|Any CPU
		{7CDC239E-BEAD-4ED7-ADA0-7E0183939707}.Release|Any CPU.ActiveCfg = Release|Any CPU
		{7CDC239E-BEAD-4ED7-ADA0-7E0183939707}.Release|Any CPU.Build.0 = Release|Any CPU
		{81DB1A03-4BCD-4B41-8D76-1DE14BC9A330}.Debug|Any CPU.ActiveCfg = Debug|Any CPU
		{81DB1A03-4BCD-4B41-8D76-1DE14BC9A330}.Debug|Any CPU.Build.0 = Debug|Any CPU
		{81DB1A03-4BCD-4B41-8D76-1DE14BC9A330}.Release|Any CPU.ActiveCfg = Release|Any CPU
		{81DB1A03-4BCD-4B41-8D76-1DE14BC9A330}.Release|Any CPU.Build.0 = Release|Any CPU
		{2F2B490B-6A37-4216-A61B-9E0F43B359C0}.Debug|Any CPU.ActiveCfg = Debug|Any CPU
		{2F2B490B-6A37-4216-A61B-9E0F43B359C0}.Debug|Any CPU.Build.0 = Debug|Any CPU
		{2F2B490B-6A37-4216-A61B-9E0F43B359C0}.Release|Any CPU.ActiveCfg = Release|Any CPU
		{2F2B490B-6A37-4216-A61B-9E0F43B359C0}.Release|Any CPU.Build.0 = Release|Any CPU
		{0185A10C-DABD-426B-957C-B02AB1988E4D}.Debug|Any CPU.ActiveCfg = Debug|Any CPU
		{0185A10C-DABD-426B-957C-B02AB1988E4D}.Debug|Any CPU.Build.0 = Debug|Any CPU
		{0185A10C-DABD-426B-957C-B02AB1988E4D}.Release|Any CPU.ActiveCfg = Release|Any CPU
		{0185A10C-DABD-426B-957C-B02AB1988E4D}.Release|Any CPU.Build.0 = Release|Any CPU
		{38CE326F-3D45-4AAE-935E-DBB9F36DCF3A}.Debug|Any CPU.ActiveCfg = Debug|Any CPU
		{38CE326F-3D45-4AAE-935E-DBB9F36DCF3A}.Debug|Any CPU.Build.0 = Debug|Any CPU
		{38CE326F-3D45-4AAE-935E-DBB9F36DCF3A}.Release|Any CPU.ActiveCfg = Release|Any CPU
		{38CE326F-3D45-4AAE-935E-DBB9F36DCF3A}.Release|Any CPU.Build.0 = Release|Any CPU
		{E24392AB-6572-4E3C-95A3-85A69D274416}.Debug|Any CPU.ActiveCfg = Debug|Any CPU
		{E24392AB-6572-4E3C-95A3-85A69D274416}.Debug|Any CPU.Build.0 = Debug|Any CPU
		{E24392AB-6572-4E3C-95A3-85A69D274416}.Release|Any CPU.ActiveCfg = Release|Any CPU
		{E24392AB-6572-4E3C-95A3-85A69D274416}.Release|Any CPU.Build.0 = Release|Any CPU
		{01ECE236-DBF5-4C13-B588-652E1FAF63F5}.Debug|Any CPU.ActiveCfg = Debug|Any CPU
		{01ECE236-DBF5-4C13-B588-652E1FAF63F5}.Debug|Any CPU.Build.0 = Debug|Any CPU
		{01ECE236-DBF5-4C13-B588-652E1FAF63F5}.Release|Any CPU.ActiveCfg = Release|Any CPU
		{01ECE236-DBF5-4C13-B588-652E1FAF63F5}.Release|Any CPU.Build.0 = Release|Any CPU
		{F16DE5B2-910C-4131-B983-0E0DFE873A65}.Debug|Any CPU.ActiveCfg = Debug|Any CPU
		{F16DE5B2-910C-4131-B983-0E0DFE873A65}.Debug|Any CPU.Build.0 = Debug|Any CPU
		{F16DE5B2-910C-4131-B983-0E0DFE873A65}.Release|Any CPU.ActiveCfg = Release|Any CPU
		{F16DE5B2-910C-4131-B983-0E0DFE873A65}.Release|Any CPU.Build.0 = Release|Any CPU
		{38D7CB3B-6B44-4CE8-ABFC-060B1F23598B}.Debug|Any CPU.ActiveCfg = Debug|Any CPU
		{38D7CB3B-6B44-4CE8-ABFC-060B1F23598B}.Debug|Any CPU.Build.0 = Debug|Any CPU
		{38D7CB3B-6B44-4CE8-ABFC-060B1F23598B}.Release|Any CPU.ActiveCfg = Release|Any CPU
		{38D7CB3B-6B44-4CE8-ABFC-060B1F23598B}.Release|Any CPU.Build.0 = Release|Any CPU
		{EC9E1F64-7598-426C-BDD6-7CB77B589730}.Debug|Any CPU.ActiveCfg = Debug|Any CPU
		{EC9E1F64-7598-426C-BDD6-7CB77B589730}.Debug|Any CPU.Build.0 = Debug|Any CPU
		{EC9E1F64-7598-426C-BDD6-7CB77B589730}.Release|Any CPU.ActiveCfg = Release|Any CPU
		{EC9E1F64-7598-426C-BDD6-7CB77B589730}.Release|Any CPU.Build.0 = Release|Any CPU
		{53F2F79E-4AEC-43BD-AD69-109B3A4CA13A}.Debug|Any CPU.ActiveCfg = Debug|Any CPU
		{53F2F79E-4AEC-43BD-AD69-109B3A4CA13A}.Debug|Any CPU.Build.0 = Debug|Any CPU
		{53F2F79E-4AEC-43BD-AD69-109B3A4CA13A}.Release|Any CPU.ActiveCfg = Release|Any CPU
		{53F2F79E-4AEC-43BD-AD69-109B3A4CA13A}.Release|Any CPU.Build.0 = Release|Any CPU
		{DF93A10A-7EFB-4E84-8B3E-35791FC4FF13}.Debug|Any CPU.ActiveCfg = Debug|Any CPU
		{DF93A10A-7EFB-4E84-8B3E-35791FC4FF13}.Debug|Any CPU.Build.0 = Debug|Any CPU
		{DF93A10A-7EFB-4E84-8B3E-35791FC4FF13}.Release|Any CPU.ActiveCfg = Release|Any CPU
		{DF93A10A-7EFB-4E84-8B3E-35791FC4FF13}.Release|Any CPU.Build.0 = Release|Any CPU
		{BEECF7CE-75E4-4951-B032-55108B467BEF}.Debug|Any CPU.ActiveCfg = Debug|Any CPU
		{BEECF7CE-75E4-4951-B032-55108B467BEF}.Debug|Any CPU.Build.0 = Debug|Any CPU
		{BEECF7CE-75E4-4951-B032-55108B467BEF}.Release|Any CPU.ActiveCfg = Release|Any CPU
		{BEECF7CE-75E4-4951-B032-55108B467BEF}.Release|Any CPU.Build.0 = Release|Any CPU
		{AFD45A41-2F92-41CD-A01F-AB6CFA891150}.Debug|Any CPU.ActiveCfg = Debug|Any CPU
		{AFD45A41-2F92-41CD-A01F-AB6CFA891150}.Debug|Any CPU.Build.0 = Debug|Any CPU
		{AFD45A41-2F92-41CD-A01F-AB6CFA891150}.Release|Any CPU.ActiveCfg = Release|Any CPU
		{AFD45A41-2F92-41CD-A01F-AB6CFA891150}.Release|Any CPU.Build.0 = Release|Any CPU
		{7D624CB1-2552-4A7C-8C85-EF40970323D4}.Debug|Any CPU.ActiveCfg = Debug|Any CPU
		{7D624CB1-2552-4A7C-8C85-EF40970323D4}.Debug|Any CPU.Build.0 = Debug|Any CPU
		{7D624CB1-2552-4A7C-8C85-EF40970323D4}.Release|Any CPU.ActiveCfg = Release|Any CPU
		{7D624CB1-2552-4A7C-8C85-EF40970323D4}.Release|Any CPU.Build.0 = Release|Any CPU
		{C2EB416F-73F6-476C-87FE-0711ADF8C556}.Debug|Any CPU.ActiveCfg = Debug|Any CPU
		{C2EB416F-73F6-476C-87FE-0711ADF8C556}.Debug|Any CPU.Build.0 = Debug|Any CPU
		{C2EB416F-73F6-476C-87FE-0711ADF8C556}.Release|Any CPU.ActiveCfg = Release|Any CPU
		{C2EB416F-73F6-476C-87FE-0711ADF8C556}.Release|Any CPU.Build.0 = Release|Any CPU
		{7A9BD658-3030-4CF8-8BBE-8BED63A2D2C5}.Debug|Any CPU.ActiveCfg = Debug|Any CPU
		{7A9BD658-3030-4CF8-8BBE-8BED63A2D2C5}.Debug|Any CPU.Build.0 = Debug|Any CPU
		{7A9BD658-3030-4CF8-8BBE-8BED63A2D2C5}.Release|Any CPU.ActiveCfg = Release|Any CPU
		{7A9BD658-3030-4CF8-8BBE-8BED63A2D2C5}.Release|Any CPU.Build.0 = Release|Any CPU
		{D948A8FE-5D48-47C1-823F-4826E2161CFF}.Debug|Any CPU.ActiveCfg = Debug|Any CPU
		{D948A8FE-5D48-47C1-823F-4826E2161CFF}.Debug|Any CPU.Build.0 = Debug|Any CPU
		{D948A8FE-5D48-47C1-823F-4826E2161CFF}.Release|Any CPU.ActiveCfg = Release|Any CPU
		{D948A8FE-5D48-47C1-823F-4826E2161CFF}.Release|Any CPU.Build.0 = Release|Any CPU
		{E68FEE84-09C2-4716-8B91-1C90DD798CDB}.Debug|Any CPU.ActiveCfg = Debug|Any CPU
		{E68FEE84-09C2-4716-8B91-1C90DD798CDB}.Debug|Any CPU.Build.0 = Debug|Any CPU
		{E68FEE84-09C2-4716-8B91-1C90DD798CDB}.Release|Any CPU.ActiveCfg = Release|Any CPU
		{E68FEE84-09C2-4716-8B91-1C90DD798CDB}.Release|Any CPU.Build.0 = Release|Any CPU
		{7B065367-407F-48F1-8A64-2C0C335D8581}.Debug|Any CPU.ActiveCfg = Debug|Any CPU
		{7B065367-407F-48F1-8A64-2C0C335D8581}.Debug|Any CPU.Build.0 = Debug|Any CPU
		{7B065367-407F-48F1-8A64-2C0C335D8581}.Release|Any CPU.ActiveCfg = Release|Any CPU
		{7B065367-407F-48F1-8A64-2C0C335D8581}.Release|Any CPU.Build.0 = Release|Any CPU
		{BA147732-AE2F-40EB-9C27-A2313AD7935B}.Debug|Any CPU.ActiveCfg = Debug|Any CPU
		{BA147732-AE2F-40EB-9C27-A2313AD7935B}.Debug|Any CPU.Build.0 = Debug|Any CPU
		{BA147732-AE2F-40EB-9C27-A2313AD7935B}.Release|Any CPU.ActiveCfg = Release|Any CPU
		{BA147732-AE2F-40EB-9C27-A2313AD7935B}.Release|Any CPU.Build.0 = Release|Any CPU
		{200C1E2A-C420-43AD-A277-2CF723725B03}.Debug|Any CPU.ActiveCfg = Debug|Any CPU
		{200C1E2A-C420-43AD-A277-2CF723725B03}.Debug|Any CPU.Build.0 = Debug|Any CPU
		{200C1E2A-C420-43AD-A277-2CF723725B03}.Release|Any CPU.ActiveCfg = Release|Any CPU
		{200C1E2A-C420-43AD-A277-2CF723725B03}.Release|Any CPU.Build.0 = Release|Any CPU
		{FF877ADD-A7FE-4F07-A69C-E26D75E333BB}.Debug|Any CPU.ActiveCfg = Debug|Any CPU
		{FF877ADD-A7FE-4F07-A69C-E26D75E333BB}.Debug|Any CPU.Build.0 = Debug|Any CPU
		{FF877ADD-A7FE-4F07-A69C-E26D75E333BB}.Release|Any CPU.ActiveCfg = Release|Any CPU
		{FF877ADD-A7FE-4F07-A69C-E26D75E333BB}.Release|Any CPU.Build.0 = Release|Any CPU
	EndGlobalSection
	GlobalSection(SolutionProperties) = preSolution
		HideSolutionNode = FALSE
	EndGlobalSection
	GlobalSection(ExtensibilityGlobals) = postSolution
		SolutionGuid = {741DB291-C17D-4638-A3A0-79CCFF14009C}
	EndGlobalSection
EndGlobal
